
Microsoft Visual Studio Solution File, Format Version 12.00
# Visual Studio Version 17
VisualStudioVersion = 17.9.34616.47
MinimumVisualStudioVersion = 10.0.40219.1
Project("{FAE04EC0-301F-11D3-BF4B-00C04F79EFBC}") = "SolarWebApi", "SolarWebApi.csproj", "{F90691C3-F7A7-4666-9F6A-0CDA733B8535}"
EndProject
Global
	GlobalSection(SolutionConfigurationPlatforms) = preSolution
		Debug|Any CPU = Debug|Any CPU
		Release|Any CPU = Release|Any CPU
	EndGlobalSection
	GlobalSection(ProjectConfigurationPlatforms) = postSolution
		{F90691C3-F7A7-4666-9F6A-0CDA733B8535}.Debug|Any CPU.ActiveCfg = Debug|Any CPU
		{F90691C3-F7A7-4666-9F6A-0CDA733B8535}.Debug|Any CPU.Build.0 = Debug|Any CPU
		{F90691C3-F7A7-4666-9F6A-0CDA733B8535}.Release|Any CPU.ActiveCfg = Release|Any CPU
		{F90691C3-F7A7-4666-9F6A-0CDA733B8535}.Release|Any CPU.Build.0 = Release|Any CPU
	EndGlobalSection
	GlobalSection(SolutionProperties) = preSolution
		HideSolutionNode = FALSE
	EndGlobalSection
	GlobalSection(ExtensibilityGlobals) = postSolution
		SolutionGuid = {8546F9F9-B6DF-4C07-977F-CBAACA47D31B}
	EndGlobalSection
EndGlobal
